
Microsoft Visual Studio Solution File, Format Version 12.00
# Visual Studio 15
VisualStudioVersion = 15.0.26730.16
MinimumVisualStudioVersion = 10.0.40219.1
Project("{FAE04EC0-301F-11D3-BF4B-00C04F79EFBC}") = "Satranç", "Satranç\Satranç.csproj", "{9C0F7F9B-8208-4671-A6B6-F6A10F58625A}"
EndProject
Global
	GlobalSection(SolutionConfigurationPlatforms) = preSolution
		Debug|Any CPU = Debug|Any CPU
		Release|Any CPU = Release|Any CPU
	EndGlobalSection
	GlobalSection(ProjectConfigurationPlatforms) = postSolution
		{9C0F7F9B-8208-4671-A6B6-F6A10F58625A}.Debug|Any CPU.ActiveCfg = Debug|Any CPU
		{9C0F7F9B-8208-4671-A6B6-F6A10F58625A}.Debug|Any CPU.Build.0 = Debug|Any CPU
		{9C0F7F9B-8208-4671-A6B6-F6A10F58625A}.Release|Any CPU.ActiveCfg = Release|Any CPU
		{9C0F7F9B-8208-4671-A6B6-F6A10F58625A}.Release|Any CPU.Build.0 = Release|Any CPU
	EndGlobalSection
	GlobalSection(SolutionProperties) = preSolution
		HideSolutionNode = FALSE
	EndGlobalSection
	GlobalSection(ExtensibilityGlobals) = postSolution
		SolutionGuid = {D17689BB-7266-4B87-8616-9E37D1C818D7}
	EndGlobalSection
EndGlobal
